<?xml version="1.0" encoding="UTF-8" standalone="yes" ?>
<CodeBlocks_project_file>
	<FileVersion major="1" minor="6" />
	<Project>
		<Option title="Example1" />
		<Option pch_mode="2" />
		<Option compiler="gcc" />
		<Build>
			<Target title="Debug Win32">
				<Option output="Debug/Example1" prefix_auto="1" extension_auto="1" />
				<Option object_output="Debug/" />
				<Option deps_output="Debug/" />
				<Option type="0" />
				<Option compiler="gcc" />
				<Compiler>
					<Add option="-g" />
					<Add option="-O0" />
					<Add option="-Wall" />
					<Add directory="$(AKKORD_SDK_HOME)/libraries/SDL/SDL/include/" />
					<Add directory="$(AKKORD_SDK_HOME)/libraries/SDL_image/SDL_image/" />
					<Add directory="$(AKKORD_SDK_HOME)/framework/" />
				</Compiler>
				<Linker>
					<Add library="SDL2.lib" />
					<Add library="SDL2main.lib" />
					<Add library="SDL2_image.lib" />
					<Add library="winmm.lib" />
					<Add library="comctl32.lib" />
					<Add library="kernel32.lib" />
					<Add library="user32.lib" />
					<Add library="gdi32.lib" />
					<Add library="winspool.lib" />
					<Add library="comdlg32.lib" />
					<Add library="advapi32.lib" />
					<Add library="shell32.lib" />
					<Add library="ole32.lib" />
					<Add library="oleaut32.lib" />
					<Add library="uuid.lib" />
					<Add library="odbc32.lib" />
					<Add library="odbccp32.lib" />
					<Add directory="$(AKKORD_SDK_HOME)/libraries/SDL/Win32/Release/" />
					<Add directory="$(AKKORD_SDK_HOME)/libraries/SDL_image/win32/Release/" />
				</Linker>
			</Target>
			<Target title="Release Win32">
				<Option output="Release/Example1" prefix_auto="1" extension_auto="1" />
				<Option object_output="Release/" />
				<Option deps_output="Release/" />
				<Option type="0" />
				<Option compiler="gcc" />
				<Compiler>
					<Add option="-O1" />
					<Add option="-Wall" />
					<Add directory="$(AKKORD_SDK_HOME)/libraries/SDL/SDL/include/" />
					<Add directory="$(AKKORD_SDK_HOME)/libraries/SDL_image/SDL_image/" />
					<Add directory="$(AKKORD_SDK_HOME)/framework/" />
				</Compiler>
				<Linker>
					<Add option="-s" />
					<Add library="SDL2.lib" />
					<Add library="SDL2main.lib" />
					<Add library="SDL2_image.lib" />
					<Add library="winmm.lib" />
					<Add library="comctl32.lib" />
					<Add library="kernel32.lib" />
					<Add library="user32.lib" />
					<Add library="gdi32.lib" />
					<Add library="winspool.lib" />
					<Add library="comdlg32.lib" />
					<Add library="advapi32.lib" />
					<Add library="shell32.lib" />
					<Add library="ole32.lib" />
					<Add library="oleaut32.lib" />
					<Add library="uuid.lib" />
					<Add library="odbc32.lib" />
					<Add library="odbccp32.lib" />
					<Add directory="$(AKKORD_SDK_HOME)/libraries/SDL/Win32/Release/" />
					<Add directory="$(AKKORD_SDK_HOME)/libraries/SDL_image/win32/Release/" />
				</Linker>
			</Target>
		</Build>
		<Unit filename="../proj.win32$(AKKORD_SDK_HOME)/framework/admob.cpp" />
		<Unit filename="../proj.win32$(AKKORD_SDK_HOME)/framework/admob.h" />
		<Unit filename="../proj.win32$(AKKORD_SDK_HOME)/framework/adrandomizer.h" />
		<Unit filename="../proj.win32$(AKKORD_SDK_HOME)/framework/atlasmanager.h" />
		<Unit filename="../proj.win32$(AKKORD_SDK_HOME)/framework/basewrapper.cpp" />
		<Unit filename="../proj.win32$(AKKORD_SDK_HOME)/framework/basewrapper.h" />
		<Unit filename="../proj.win32$(AKKORD_SDK_HOME)/framework/configmanager.h" />
		<Unit filename="../proj.win32$(AKKORD_SDK_HOME)/framework/platforms/windows/windows_wrapper.h" />
		<Unit filename="../src/main.cpp" />
		<Extensions>
			<code_completion />
			<envvars />
			<debugger />
		</Extensions>
	</Project>
</CodeBlocks_project_file>
